// !$*UTF8*$!
{
	archiveVersion = 1;
	classes = {
	};
	objectVersion = 50;
	objects = {

/* Begin PBXBuildFile section */
		9F8056F223A29F45006832C0 /* AppDelegate.swift in Sources */ = {isa = PBXBuildFile; fileRef = 9F8056F123A29F45006832C0 /* AppDelegate.swift */; };
		9F8056F423A29F45006832C0 /* SceneDelegate.swift in Sources */ = {isa = PBXBuildFile; fileRef = 9F8056F323A29F45006832C0 /* SceneDelegate.swift */; };
		9F8056F623A29F45006832C0 /* ContentView.swift in Sources */ = {isa = PBXBuildFile; fileRef = 9F8056F523A29F45006832C0 /* ContentView.swift */; };
		9F8056F823A29F4B006832C0 /* Assets.xcassets in Resources */ = {isa = PBXBuildFile; fileRef = 9F8056F723A29F4B006832C0 /* Assets.xcassets */; };
		9F8056FB23A29F4B006832C0 /* Preview Assets.xcassets in Resources */ = {isa = PBXBuildFile; fileRef = 9F8056FA23A29F4B006832C0 /* Preview Assets.xcassets */; };
		9F8056FE23A29F4B006832C0 /* LaunchScreen.storyboard in Resources */ = {isa = PBXBuildFile; fileRef = 9F8056FC23A29F4B006832C0 /* LaunchScreen.storyboard */; };
		9F80570623A5438C006832C0 /* start.txt in Resources */ = {isa = PBXBuildFile; fileRef = 9F80570523A5438C006832C0 /* start.txt */; };
/* End PBXBuildFile section */

/* Begin PBXFileReference section */
		9F8056EE23A29F45006832C0 /* Project05 WordScramble.app */ = {isa = PBXFileReference; explicitFileType = wrapper.application; includeInIndex = 0; path = "Project05 WordScramble.app"; sourceTree = BUILT_PRODUCTS_DIR; };
		9F8056F123A29F45006832C0 /* AppDelegate.swift */ = {isa = PBXFileReference; lastKnownFileType = sourcecode.swift; path = AppDelegate.swift; sourceTree = "<group>"; };
		9F8056F323A29F45006832C0 /* SceneDelegate.swift */ = {isa = PBXFileReference; lastKnownFileType = sourcecode.swift; path = SceneDelegate.swift; sourceTree = "<group>"; };
		9F8056F523A29F45006832C0 /* ContentView.swift */ = {isa = PBXFileReference; lastKnownFileType = sourcecode.swift; path = ContentView.swift; sourceTree = "<group>"; };
		9F8056F723A29F4B006832C0 /* Assets.xcassets */ = {isa = PBXFileReference; lastKnownFileType = folder.assetcatalog; path = Assets.xcassets; sourceTree = "<group>"; };
		9F8056FA23A29F4B006832C0 /* Preview Assets.xcassets */ = {isa = PBXFileReference; lastKnownFileType = folder.assetcatalog; path = "Preview Assets.xcassets"; sourceTree = "<group>"; };
		9F8056FD23A29F4B006832C0 /* Base */ = {isa = PBXFileReference; lastKnownFileType = file.storyboard; name = Base; path = Base.lproj/LaunchScreen.storyboard; sourceTree = "<group>"; };
		9F8056FF23A29F4B006832C0 /* Info.plist */ = {isa = PBXFileReference; lastKnownFileType = text.plist.xml; path = Info.plist; sourceTree = "<group>"; };
		9F80570523A5438C006832C0 /* start.txt */ = {isa = PBXFileReference; fileEncoding = 4; lastKnownFileType = text; path = start.txt; sourceTree = "<group>"; };
/* End PBXFileReference section */

/* Begin PBXFrameworksBuildPhase section */
		9F8056EB23A29F45006832C0 /* Frameworks */ = {
			isa = PBXFrameworksBuildPhase;
			buildActionMask = 2147483647;
			files = (
			);
			runOnlyForDeploymentPostprocessing = 0;
		};
/* End PBXFrameworksBuildPhase section */

/* Begin PBXGroup section */
		9F8056E523A29F45006832C0 = {
			isa = PBXGroup;
			children = (
				9F8056F023A29F45006832C0 /* Project05 WordScramble */,
				9F8056EF23A29F45006832C0 /* Products */,
			);
			sourceTree = "<group>";
		};
		9F8056EF23A29F45006832C0 /* Products */ = {
			isa = PBXGroup;
			children = (
				9F8056EE23A29F45006832C0 /* Project05 WordScramble.app */,
			);
			name = Products;
			sourceTree = "<group>";
		};
		9F8056F023A29F45006832C0 /* Project05 WordScramble */ = {
			isa = PBXGroup;
			children = (
				9F8056F123A29F45006832C0 /* AppDelegate.swift */,
				9F8056F323A29F45006832C0 /* SceneDelegate.swift */,
				9F8056F523A29F45006832C0 /* ContentView.swift */,
				9F8056F723A29F4B006832C0 /* Assets.xcassets */,
				9F8056FC23A29F4B006832C0 /* LaunchScreen.storyboard */,
				9F8056FF23A29F4B006832C0 /* Info.plist */,
				9F80570523A5438C006832C0 /* start.txt */,
				9F8056F923A29F4B006832C0 /* Preview Content */,
			);
			path = "Project05 WordScramble";
			sourceTree = "<group>";
		};
		9F8056F923A29F4B006832C0 /* Preview Content */ = {
			isa = PBXGroup;
			children = (
				9F8056FA23A29F4B006832C0 /* Preview Assets.xcassets */,
			);
			path = "Preview Content";
			sourceTree = "<group>";
		};
/* End PBXGroup section */

/* Begin PBXNativeTarget section */
		9F8056ED23A29F45006832C0 /* Project05 WordScramble */ = {
			isa = PBXNativeTarget;
			buildConfigurationList = 9F80570223A29F4B006832C0 /* Build configuration list for PBXNativeTarget "Project05 WordScramble" */;
			buildPhases = (
				9F8056EA23A29F45006832C0 /* Sources */,
				9F8056EB23A29F45006832C0 /* Frameworks */,
				9F8056EC23A29F45006832C0 /* Resources */,
			);
			buildRules = (
			);
			dependencies = (
			);
			name = "Project05 WordScramble";
			productName = "Project05 WordScramble";
			productReference = 9F8056EE23A29F45006832C0 /* Project05 WordScramble.app */;
			productType = "com.apple.product-type.application";
		};
/* End PBXNativeTarget section */

/* Begin PBXProject section */
		9F8056E623A29F45006832C0 /* Project object */ = {
			isa = PBXProject;
			attributes = {
				LastSwiftUpdateCheck = 1100;
				LastUpgradeCheck = 1100;
				ORGANIZATIONNAME = oscar;
				TargetAttributes = {
					9F8056ED23A29F45006832C0 = {
						CreatedOnToolsVersion = 11.0;
					};
				};
			};
			buildConfigurationList = 9F8056E923A29F45006832C0 /* Build configuration list for PBXProject "Project05 WordScramble" */;
			compatibilityVersion = "Xcode 9.3";
			developmentRegion = en;
			hasScannedForEncodings = 0;
			knownRegions = (
				en,
				Base,
			);
			mainGroup = 9F8056E523A29F45006832C0;
			productRefGroup = 9F8056EF23A29F45006832C0 /* Products */;
			projectDirPath = "";
			projectRoot = "";
			targets = (
				9F8056ED23A29F45006832C0 /* Project05 WordScramble */,
			);
		};
/* End PBXProject section */

/* Begin PBXResourcesBuildPhase section */
		9F8056EC23A29F45006832C0 /* Resources */ = {
			isa = PBXResourcesBuildPhase;
			buildActionMask = 2147483647;
			files = (
				9F8056FE23A29F4B006832C0 /* LaunchScreen.storyboard in Resources */,
				9F80570623A5438C006832C0 /* start.txt in Resources */,
				9F8056FB23A29F4B006832C0 /* Preview Assets.xcassets in Resources */,
				9F8056F823A29F4B006832C0 /* Assets.xcassets in Resources */,
			);
			runOnlyForDeploymentPostprocessing = 0;
		};
/* End PBXResourcesBuildPhase section */

/* Begin PBXSourcesBuildPhase section */
		9F8056EA23A29F45006832C0 /* Sources */ = {
			isa = PBXSourcesBuildPhase;
			buildActionMask = 2147483647;
			files = (
				9F8056F223A29F45006832C0 /* AppDelegate.swift in Sources */,
				9F8056F423A29F45006832C0 /* SceneDelegate.swift in Sources */,
				9F8056F623A29F45006832C0 /* ContentView.swift in Sources */,
			);
			runOnlyForDeploymentPostprocessing = 0;
		};
/* End PBXSourcesBuildPhase section */

/* Begin PBXVariantGroup section */
		9F8056FC23A29F4B006832C0 /* LaunchScreen.storyboard */ = {
			isa = PBXVariantGroup;
			children = (
				9F8056FD23A29F4B006832C0 /* Base */,
			);
			name = LaunchScreen.storyboard;
			sourceTree = "<group>";
		};
/* End PBXVariantGroup section */

/* Begin XCBuildConfiguration section */
		9F80570023A29F4B006832C0 /* Debug */ = {
			isa = XCBuildConfiguration;
			buildSettings = {
				ALWAYS_SEARCH_USER_PATHS = NO;
				CLANG_ANALYZER_NONNULL = YES;
				CLANG_ANALYZER_NUMBER_OBJECT_CONVERSION = YES_AGGRESSIVE;
				CLANG_CXX_LANGUAGE_STANDARD = "gnu++14";
				CLANG_CXX_LIBRARY = "libc++";
				CLANG_ENABLE_MODULES = YES;
				CLANG_ENABLE_OBJC_ARC = YES;
				CLANG_ENABLE_OBJC_WEAK = YES;
				CLANG_WARN_BLOCK_CAPTURE_AUTORELEASING = YES;
				CLANG_WARN_BOOL_CONVERSION = YES;
				CLANG_WARN_COMMA = YES;
				CLANG_WARN_CONSTANT_CONVERSION = YES;
				CLANG_WARN_DEPRECATED_OBJC_IMPLEMENTATIONS = YES;
				CLANG_WARN_DIRECT_OBJC_ISA_USAGE = YES_ERROR;
				CLANG_WARN_DOCUMENTATION_COMMENTS = YES;
				CLANG_WARN_EMPTY_BODY = YES;
				CLANG_WARN_ENUM_CONVERSION = YES;
				CLANG_WARN_INFINITE_RECURSION = YES;
				CLANG_WARN_INT_CONVERSION = YES;
				CLANG_WARN_NON_LITERAL_NULL_CONVERSION = YES;
				CLANG_WARN_OBJC_IMPLICIT_RETAIN_SELF = YES;
				CLANG_WARN_OBJC_LITERAL_CONVERSION = YES;
				CLANG_WARN_OBJC_ROOT_CLASS = YES_ERROR;
				CLANG_WARN_RANGE_LOOP_ANALYSIS = YES;
				CLANG_WARN_STRICT_PROTOTYPES = YES;
				CLANG_WARN_SUSPICIOUS_MOVE = YES;
				CLANG_WARN_UNGUARDED_AVAILABILITY = YES_AGGRESSIVE;
				CLANG_WARN_UNREACHABLE_CODE = YES;
				CLANG_WARN__DUPLICATE_METHOD_MATCH = YES;
				COPY_PHASE_STRIP = NO;
				DEBUG_INFORMATION_FORMAT = dwarf;
				ENABLE_STRICT_OBJC_MSGSEND = YES;
				ENABLE_TESTABILITY = YES;
				GCC_C_LANGUAGE_STANDARD = gnu11;
				GCC_DYNAMIC_NO_PIC = NO;
				GCC_NO_COMMON_BLOCKS = YES;
				GCC_OPTIMIZATION_LEVEL = 0;
				GCC_PREPROCESSOR_DEFINITIONS = (
					"DEBUG=1",
					"$(inherited)",
				);
				GCC_WARN_64_TO_32_BIT_CONVERSION = YES;
				GCC_WARN_ABOUT_RETURN_TYPE = YES_ERROR;
				GCC_WARN_UNDECLARED_SELECTOR = YES;
				GCC_WARN_UNINITIALIZED_AUTOS = YES_AGGRESSIVE;
				GCC_WARN_UNUSED_FUNCTION = YES;
				GCC_WARN_UNUSED_VARIABLE = YES;
				IPHONEOS_DEPLOYMENT_TARGET = 13.0;
				MTL_ENABLE_DEBUG_INFO = INCLUDE_SOURCE;
				MTL_FAST_MATH = YES;
				ONLY_ACTIVE_ARCH = YES;
				SDKROOT = iphoneos;
				SWIFT_ACTIVE_COMPILATION_CONDITIONS = DEBUG;
				SWIFT_OPTIMIZATION_LEVEL = "-Onone";
			};
			name = Debug;
		};
		9F80570123A29F4B006832C0 /* Release */ = {
			isa = XCBuildConfiguration;
			buildSettings = {
				ALWAYS_SEARCH_USER_PATHS = NO;
				CLANG_ANALYZER_NONNULL = YES;
				CLANG_ANALYZER_NUMBER_OBJECT_CONVERSION = YES_AGGRESSIVE;
				CLANG_CXX_LANGUAGE_STANDARD = "gnu++14";
				CLANG_CXX_LIBRARY = "libc++";
				CLANG_ENABLE_MODULES = YES;
				CLANG_ENABLE_OBJC_ARC = YES;
				CLANG_ENABLE_OBJC_WEAK = YES;
				CLANG_WARN_BLOCK_CAPTURE_AUTORELEASING = YES;
				CLANG_WARN_BOOL_CONVERSION = YES;
				CLANG_WARN_COMMA = YES;
				CLANG_WARN_CONSTANT_CONVERSION = YES;
				CLANG_WARN_DEPRECATED_OBJC_IMPLEMENTATIONS = YES;
				CLANG_WARN_DIRECT_OBJC_ISA_USAGE = YES_ERROR;
				CLANG_WARN_DOCUMENTATION_COMMENTS = YES;
				CLANG_WARN_EMPTY_BODY = YES;
				CLANG_WARN_ENUM_CONVERSION = YES;
				CLANG_WARN_INFINITE_RECURSION = YES;
				CLANG_WARN_INT_CONVERSION = YES;
				CLANG_WARN_NON_LITERAL_NULL_CONVERSION = YES;
				CLANG_WARN_OBJC_IMPLICIT_RETAIN_SELF = YES;
				CLANG_WARN_OBJC_LITERAL_CONVERSION = YES;
				CLANG_WARN_OBJC_ROOT_CLASS = YES_ERROR;
				CLANG_WARN_RANGE_LOOP_ANALYSIS = YES;
				CLANG_WARN_STRICT_PROTOTYPES = YES;
				CLANG_WARN_SUSPICIOUS_MOVE = YES;
				CLANG_WARN_UNGUARDED_AVAILABILITY = YES_AGGRESSIVE;
				CLANG_WARN_UNREACHABLE_CODE = YES;
				CLANG_WARN__DUPLICATE_METHOD_MATCH = YES;
				COPY_PHASE_STRIP = NO;
				DEBUG_INFORMATION_FORMAT = "dwarf-with-dsym";
				ENABLE_NS_ASSERTIONS = NO;
				ENABLE_STRICT_OBJC_MSGSEND = YES;
				GCC_C_LANGUAGE_STANDARD = gnu11;
				GCC_NO_COMMON_BLOCKS = YES;
				GCC_WARN_64_TO_32_BIT_CONVERSION = YES;
				GCC_WARN_ABOUT_RETURN_TYPE = YES_ERROR;
				GCC_WARN_UNDECLARED_SELECTOR = YES;
				GCC_WARN_UNINITIALIZED_AUTOS = YES_AGGRESSIVE;
				GCC_WARN_UNUSED_FUNCTION = YES;
				GCC_WARN_UNUSED_VARIABLE = YES;
				IPHONEOS_DEPLOYMENT_TARGET = 13.0;
				MTL_ENABLE_DEBUG_INFO = NO;
				MTL_FAST_MATH = YES;
				SDKROOT = iphoneos;
				SWIFT_COMPILATION_MODE = wholemodule;
				SWIFT_OPTIMIZATION_LEVEL = "-O";
				VALIDATE_PRODUCT = YES;
			};
			name = Release;
		};
		9F80570323A29F4B006832C0 /* Debug */ = {
			isa = XCBuildConfiguration;
			buildSettings = {
				ASSETCATALOG_COMPILER_APPICON_NAME = AppIcon;
				CODE_SIGN_STYLE = Automatic;
				DEVELOPMENT_ASSET_PATHS = "\"Project05 WordScramble/Preview Content\"";
				DEVELOPMENT_TEAM = Z992SAK5R2;
				ENABLE_PREVIEWS = YES;
				INFOPLIST_FILE = "Project05 WordScramble/Info.plist";
				LD_RUNPATH_SEARCH_PATHS = (
					"$(inherited)",
					"@executable_path/Frameworks",
				);
				PRODUCT_BUNDLE_IDENTIFIER = "oscar.devtip.Project05-WordScramble";
				PRODUCT_NAME = "$(TARGET_NAME)";
				SWIFT_VERSION = 5.0;
				TARGETED_DEVICE_FAMILY = "1,2";
			};
			name = Debug;
		};
		9F80570423A29F4B006832C0 /* Release */ = {
			isa = XCBuildConfiguration;
			buildSettings = {
				ASSETCATALOG_COMPILER_APPICON_NAME = AppIcon;
				CODE_SIGN_STYLE = Automatic;
				DEVELOPMENT_ASSET_PATHS = "\"Project05 WordScramble/Preview Content\"";
				DEVELOPMENT_TEAM = Z992SAK5R2;
				ENABLE_PREVIEWS = YES;
				INFOPLIST_FILE = "Project05 WordScramble/Info.plist";
				LD_RUNPATH_SEARCH_PATHS = (
					"$(inherited)",
					"@executable_path/Frameworks",
				);
				PRODUCT_BUNDLE_IDENTIFIER = "oscar.devtip.Project05-WordScramble";
				PRODUCT_NAME = "$(TARGET_NAME)";
				SWIFT_VERSION = 5.0;
				TARGETED_DEVICE_FAMILY = "1,2";
			};
			name = Release;
		};
/* End XCBuildConfiguration section */

/* Begin XCConfigurationList section */
		9F8056E923A29F45006832C0 /* Build configuration list for PBXProject "Project05 WordScramble" */ = {
			isa = XCConfigurationList;
			buildConfigurations = (
				9F80570023A29F4B006832C0 /* Debug */,
				9F80570123A29F4B006832C0 /* Release */,
			);
			defaultConfigurationIsVisible = 0;
			defaultConfigurationName = Release;
		};
		9F80570223A29F4B006832C0 /* Build configuration list for PBXNativeTarget "Project05 WordScramble" */ = {
			isa = XCConfigurationList;
			buildConfigurations = (
				9F80570323A29F4B006832C0 /* Debug */,
				9F80570423A29F4B006832C0 /* Release */,
			);
			defaultConfigurationIsVisible = 0;
			defaultConfigurationName = Release;
		};
/* End XCConfigurationList section */
	};
	rootObject = 9F8056E623A29F45006832C0 /* Project object */;
}
