// !$*UTF8*$!
{
	archiveVersion = 1;
	classes = {
	};
	objectVersion = 50;
	objects = {

/* Begin PBXBuildFile section */
		476F1FBE24263306005AEB0D /* AppDelegate.swift in Sources */ = {isa = PBXBuildFile; fileRef = 476F1FBD24263306005AEB0D /* AppDelegate.swift */; };
		476F1FC224263306005AEB0D /* ViewController.swift in Sources */ = {isa = PBXBuildFile; fileRef = 476F1FC124263306005AEB0D /* ViewController.swift */; };
		476F1FC524263306005AEB0D /* Main.storyboard in Resources */ = {isa = PBXBuildFile; fileRef = 476F1FC324263306005AEB0D /* Main.storyboard */; };
		476F1FC724263308005AEB0D /* Assets.xcassets in Resources */ = {isa = PBXBuildFile; fileRef = 476F1FC624263308005AEB0D /* Assets.xcassets */; };
		476F1FCA24263308005AEB0D /* LaunchScreen.storyboard in Resources */ = {isa = PBXBuildFile; fileRef = 476F1FC824263308005AEB0D /* LaunchScreen.storyboard */; };
		476F1FD2242634EC005AEB0D /* WebViewController.swift in Sources */ = {isa = PBXBuildFile; fileRef = 476F1FD1242634EC005AEB0D /* WebViewController.swift */; };
		476F1FD424263956005AEB0D /* home.html in Resources */ = {isa = PBXBuildFile; fileRef = 476F1FD324263956005AEB0D /* home.html */; };
/* End PBXBuildFile section */

/* Begin PBXFileReference section */
		476F1FBA24263306005AEB0D /* CommunicatingIntoWebPage.app */ = {isa = PBXFileReference; explicitFileType = wrapper.application; includeInIndex = 0; path = CommunicatingIntoWebPage.app; sourceTree = BUILT_PRODUCTS_DIR; };
		476F1FBD24263306005AEB0D /* AppDelegate.swift */ = {isa = PBXFileReference; lastKnownFileType = sourcecode.swift; path = AppDelegate.swift; sourceTree = "<group>"; };
		476F1FC124263306005AEB0D /* ViewController.swift */ = {isa = PBXFileReference; lastKnownFileType = sourcecode.swift; path = ViewController.swift; sourceTree = "<group>"; };
		476F1FC424263306005AEB0D /* Base */ = {isa = PBXFileReference; lastKnownFileType = file.storyboard; name = Base; path = Base.lproj/Main.storyboard; sourceTree = "<group>"; };
		476F1FC624263308005AEB0D /* Assets.xcassets */ = {isa = PBXFileReference; lastKnownFileType = folder.assetcatalog; path = Assets.xcassets; sourceTree = "<group>"; };
		476F1FC924263308005AEB0D /* Base */ = {isa = PBXFileReference; lastKnownFileType = file.storyboard; name = Base; path = Base.lproj/LaunchScreen.storyboard; sourceTree = "<group>"; };
		476F1FCB24263308005AEB0D /* Info.plist */ = {isa = PBXFileReference; lastKnownFileType = text.plist.xml; path = Info.plist; sourceTree = "<group>"; };
		476F1FD1242634EC005AEB0D /* WebViewController.swift */ = {isa = PBXFileReference; lastKnownFileType = sourcecode.swift; path = WebViewController.swift; sourceTree = "<group>"; };
		476F1FD324263956005AEB0D /* home.html */ = {isa = PBXFileReference; lastKnownFileType = text.html; path = home.html; sourceTree = "<group>"; };
/* End PBXFileReference section */

/* Begin PBXFrameworksBuildPhase section */
		476F1FB724263306005AEB0D /* Frameworks */ = {
			isa = PBXFrameworksBuildPhase;
			buildActionMask = 2147483647;
			files = (
			);
			runOnlyForDeploymentPostprocessing = 0;
		};
/* End PBXFrameworksBuildPhase section */

/* Begin PBXGroup section */
		476F1FB124263306005AEB0D = {
			isa = PBXGroup;
			children = (
				476F1FBC24263306005AEB0D /* CommunicatingIntoWebPage */,
				476F1FBB24263306005AEB0D /* Products */,
			);
			sourceTree = "<group>";
		};
		476F1FBB24263306005AEB0D /* Products */ = {
			isa = PBXGroup;
			children = (
				476F1FBA24263306005AEB0D /* CommunicatingIntoWebPage.app */,
			);
			name = Products;
			sourceTree = "<group>";
		};
		476F1FBC24263306005AEB0D /* CommunicatingIntoWebPage */ = {
			isa = PBXGroup;
			children = (
				476F1FBD24263306005AEB0D /* AppDelegate.swift */,
				476F1FC124263306005AEB0D /* ViewController.swift */,
				476F1FD1242634EC005AEB0D /* WebViewController.swift */,
				476F1FD324263956005AEB0D /* home.html */,
				476F1FC324263306005AEB0D /* Main.storyboard */,
				476F1FC624263308005AEB0D /* Assets.xcassets */,
				476F1FC824263308005AEB0D /* LaunchScreen.storyboard */,
				476F1FCB24263308005AEB0D /* Info.plist */,
			);
			path = CommunicatingIntoWebPage;
			sourceTree = "<group>";
		};
/* End PBXGroup section */

/* Begin PBXNativeTarget section */
		476F1FB924263306005AEB0D /* CommunicatingIntoWebPage */ = {
			isa = PBXNativeTarget;
			buildConfigurationList = 476F1FCE24263308005AEB0D /* Build configuration list for PBXNativeTarget "CommunicatingIntoWebPage" */;
			buildPhases = (
				476F1FB624263306005AEB0D /* Sources */,
				476F1FB724263306005AEB0D /* Frameworks */,
				476F1FB824263306005AEB0D /* Resources */,
			);
			buildRules = (
			);
			dependencies = (
			);
			name = CommunicatingIntoWebPage;
			productName = CommunicatingIntoWebPage;
			productReference = 476F1FBA24263306005AEB0D /* CommunicatingIntoWebPage.app */;
			productType = "com.apple.product-type.application";
		};
/* End PBXNativeTarget section */

/* Begin PBXProject section */
		476F1FB224263306005AEB0D /* Project object */ = {
			isa = PBXProject;
			attributes = {
				LastSwiftUpdateCheck = 1130;
				LastUpgradeCheck = 1130;
				ORGANIZATIONNAME = vivo;
				TargetAttributes = {
					476F1FB924263306005AEB0D = {
						CreatedOnToolsVersion = 11.3.1;
					};
				};
			};
			buildConfigurationList = 476F1FB524263306005AEB0D /* Build configuration list for PBXProject "CommunicatingIntoWebPage" */;
			compatibilityVersion = "Xcode 9.3";
			developmentRegion = en;
			hasScannedForEncodings = 0;
			knownRegions = (
				en,
				Base,
			);
			mainGroup = 476F1FB124263306005AEB0D;
			productRefGroup = 476F1FBB24263306005AEB0D /* Products */;
			projectDirPath = "";
			projectRoot = "";
			targets = (
				476F1FB924263306005AEB0D /* CommunicatingIntoWebPage */,
			);
		};
/* End PBXProject section */

/* Begin PBXResourcesBuildPhase section */
		476F1FB824263306005AEB0D /* Resources */ = {
			isa = PBXResourcesBuildPhase;
			buildActionMask = 2147483647;
			files = (
				476F1FCA24263308005AEB0D /* LaunchScreen.storyboard in Resources */,
				476F1FD424263956005AEB0D /* home.html in Resources */,
				476F1FC724263308005AEB0D /* Assets.xcassets in Resources */,
				476F1FC524263306005AEB0D /* Main.storyboard in Resources */,
			);
			runOnlyForDeploymentPostprocessing = 0;
		};
/* End PBXResourcesBuildPhase section */

/* Begin PBXSourcesBuildPhase section */
		476F1FB624263306005AEB0D /* Sources */ = {
			isa = PBXSourcesBuildPhase;
			buildActionMask = 2147483647;
			files = (
				476F1FC224263306005AEB0D /* ViewController.swift in Sources */,
				476F1FD2242634EC005AEB0D /* WebViewController.swift in Sources */,
				476F1FBE24263306005AEB0D /* AppDelegate.swift in Sources */,
			);
			runOnlyForDeploymentPostprocessing = 0;
		};
/* End PBXSourcesBuildPhase section */

/* Begin PBXVariantGroup section */
		476F1FC324263306005AEB0D /* Main.storyboard */ = {
			isa = PBXVariantGroup;
			children = (
				476F1FC424263306005AEB0D /* Base */,
			);
			name = Main.storyboard;
			sourceTree = "<group>";
		};
		476F1FC824263308005AEB0D /* LaunchScreen.storyboard */ = {
			isa = PBXVariantGroup;
			children = (
				476F1FC924263308005AEB0D /* Base */,
			);
			name = LaunchScreen.storyboard;
			sourceTree = "<group>";
		};
/* End PBXVariantGroup section */

/* Begin XCBuildConfiguration section */
		476F1FCC24263308005AEB0D /* Debug */ = {
			isa = XCBuildConfiguration;
			buildSettings = {
				ALWAYS_SEARCH_USER_PATHS = NO;
				CLANG_ANALYZER_NONNULL = YES;
				CLANG_ANALYZER_NUMBER_OBJECT_CONVERSION = YES_AGGRESSIVE;
				CLANG_CXX_LANGUAGE_STANDARD = "gnu++14";
				CLANG_CXX_LIBRARY = "libc++";
				CLANG_ENABLE_MODULES = YES;
				CLANG_ENABLE_OBJC_ARC = YES;
				CLANG_ENABLE_OBJC_WEAK = YES;
				CLANG_WARN_BLOCK_CAPTURE_AUTORELEASING = YES;
				CLANG_WARN_BOOL_CONVERSION = YES;
				CLANG_WARN_COMMA = YES;
				CLANG_WARN_CONSTANT_CONVERSION = YES;
				CLANG_WARN_DEPRECATED_OBJC_IMPLEMENTATIONS = YES;
				CLANG_WARN_DIRECT_OBJC_ISA_USAGE = YES_ERROR;
				CLANG_WARN_DOCUMENTATION_COMMENTS = YES;
				CLANG_WARN_EMPTY_BODY = YES;
				CLANG_WARN_ENUM_CONVERSION = YES;
				CLANG_WARN_INFINITE_RECURSION = YES;
				CLANG_WARN_INT_CONVERSION = YES;
				CLANG_WARN_NON_LITERAL_NULL_CONVERSION = YES;
				CLANG_WARN_OBJC_IMPLICIT_RETAIN_SELF = YES;
				CLANG_WARN_OBJC_LITERAL_CONVERSION = YES;
				CLANG_WARN_OBJC_ROOT_CLASS = YES_ERROR;
				CLANG_WARN_RANGE_LOOP_ANALYSIS = YES;
				CLANG_WARN_STRICT_PROTOTYPES = YES;
				CLANG_WARN_SUSPICIOUS_MOVE = YES;
				CLANG_WARN_UNGUARDED_AVAILABILITY = YES_AGGRESSIVE;
				CLANG_WARN_UNREACHABLE_CODE = YES;
				CLANG_WARN__DUPLICATE_METHOD_MATCH = YES;
				COPY_PHASE_STRIP = NO;
				DEBUG_INFORMATION_FORMAT = dwarf;
				ENABLE_STRICT_OBJC_MSGSEND = YES;
				ENABLE_TESTABILITY = YES;
				GCC_C_LANGUAGE_STANDARD = gnu11;
				GCC_DYNAMIC_NO_PIC = NO;
				GCC_NO_COMMON_BLOCKS = YES;
				GCC_OPTIMIZATION_LEVEL = 0;
				GCC_PREPROCESSOR_DEFINITIONS = (
					"DEBUG=1",
					"$(inherited)",
				);
				GCC_WARN_64_TO_32_BIT_CONVERSION = YES;
				GCC_WARN_ABOUT_RETURN_TYPE = YES_ERROR;
				GCC_WARN_UNDECLARED_SELECTOR = YES;
				GCC_WARN_UNINITIALIZED_AUTOS = YES_AGGRESSIVE;
				GCC_WARN_UNUSED_FUNCTION = YES;
				GCC_WARN_UNUSED_VARIABLE = YES;
				IPHONEOS_DEPLOYMENT_TARGET = 13.2;
				MTL_ENABLE_DEBUG_INFO = INCLUDE_SOURCE;
				MTL_FAST_MATH = YES;
				ONLY_ACTIVE_ARCH = YES;
				SDKROOT = iphoneos;
				SWIFT_ACTIVE_COMPILATION_CONDITIONS = DEBUG;
				SWIFT_OPTIMIZATION_LEVEL = "-Onone";
			};
			name = Debug;
		};
		476F1FCD24263308005AEB0D /* Release */ = {
			isa = XCBuildConfiguration;
			buildSettings = {
				ALWAYS_SEARCH_USER_PATHS = NO;
				CLANG_ANALYZER_NONNULL = YES;
				CLANG_ANALYZER_NUMBER_OBJECT_CONVERSION = YES_AGGRESSIVE;
				CLANG_CXX_LANGUAGE_STANDARD = "gnu++14";
				CLANG_CXX_LIBRARY = "libc++";
				CLANG_ENABLE_MODULES = YES;
				CLANG_ENABLE_OBJC_ARC = YES;
				CLANG_ENABLE_OBJC_WEAK = YES;
				CLANG_WARN_BLOCK_CAPTURE_AUTORELEASING = YES;
				CLANG_WARN_BOOL_CONVERSION = YES;
				CLANG_WARN_COMMA = YES;
				CLANG_WARN_CONSTANT_CONVERSION = YES;
				CLANG_WARN_DEPRECATED_OBJC_IMPLEMENTATIONS = YES;
				CLANG_WARN_DIRECT_OBJC_ISA_USAGE = YES_ERROR;
				CLANG_WARN_DOCUMENTATION_COMMENTS = YES;
				CLANG_WARN_EMPTY_BODY = YES;
				CLANG_WARN_ENUM_CONVERSION = YES;
				CLANG_WARN_INFINITE_RECURSION = YES;
				CLANG_WARN_INT_CONVERSION = YES;
				CLANG_WARN_NON_LITERAL_NULL_CONVERSION = YES;
				CLANG_WARN_OBJC_IMPLICIT_RETAIN_SELF = YES;
				CLANG_WARN_OBJC_LITERAL_CONVERSION = YES;
				CLANG_WARN_OBJC_ROOT_CLASS = YES_ERROR;
				CLANG_WARN_RANGE_LOOP_ANALYSIS = YES;
				CLANG_WARN_STRICT_PROTOTYPES = YES;
				CLANG_WARN_SUSPICIOUS_MOVE = YES;
				CLANG_WARN_UNGUARDED_AVAILABILITY = YES_AGGRESSIVE;
				CLANG_WARN_UNREACHABLE_CODE = YES;
				CLANG_WARN__DUPLICATE_METHOD_MATCH = YES;
				COPY_PHASE_STRIP = NO;
				DEBUG_INFORMATION_FORMAT = "dwarf-with-dsym";
				ENABLE_NS_ASSERTIONS = NO;
				ENABLE_STRICT_OBJC_MSGSEND = YES;
				GCC_C_LANGUAGE_STANDARD = gnu11;
				GCC_NO_COMMON_BLOCKS = YES;
				GCC_WARN_64_TO_32_BIT_CONVERSION = YES;
				GCC_WARN_ABOUT_RETURN_TYPE = YES_ERROR;
				GCC_WARN_UNDECLARED_SELECTOR = YES;
				GCC_WARN_UNINITIALIZED_AUTOS = YES_AGGRESSIVE;
				GCC_WARN_UNUSED_FUNCTION = YES;
				GCC_WARN_UNUSED_VARIABLE = YES;
				IPHONEOS_DEPLOYMENT_TARGET = 13.2;
				MTL_ENABLE_DEBUG_INFO = NO;
				MTL_FAST_MATH = YES;
				SDKROOT = iphoneos;
				SWIFT_COMPILATION_MODE = wholemodule;
				SWIFT_OPTIMIZATION_LEVEL = "-O";
				VALIDATE_PRODUCT = YES;
			};
			name = Release;
		};
		476F1FCF24263308005AEB0D /* Debug */ = {
			isa = XCBuildConfiguration;
			buildSettings = {
				ASSETCATALOG_COMPILER_APPICON_NAME = AppIcon;
				CODE_SIGN_STYLE = Automatic;
				DEVELOPMENT_TEAM = 4FVY6JTH7J;
				INFOPLIST_FILE = CommunicatingIntoWebPage/Info.plist;
				IPHONEOS_DEPLOYMENT_TARGET = 10.0;
				LD_RUNPATH_SEARCH_PATHS = (
					"$(inherited)",
					"@executable_path/Frameworks",
				);
				PRODUCT_BUNDLE_IDENTIFIER = com.demolayout.CommunicatingIntoWebPage;
				PRODUCT_NAME = "$(TARGET_NAME)";
				SWIFT_VERSION = 5.0;
				TARGETED_DEVICE_FAMILY = "1,2";
			};
			name = Debug;
		};
		476F1FD024263308005AEB0D /* Release */ = {
			isa = XCBuildConfiguration;
			buildSettings = {
				ASSETCATALOG_COMPILER_APPICON_NAME = AppIcon;
				CODE_SIGN_STYLE = Automatic;
				DEVELOPMENT_TEAM = 4FVY6JTH7J;
				INFOPLIST_FILE = CommunicatingIntoWebPage/Info.plist;
				IPHONEOS_DEPLOYMENT_TARGET = 10.0;
				LD_RUNPATH_SEARCH_PATHS = (
					"$(inherited)",
					"@executable_path/Frameworks",
				);
				PRODUCT_BUNDLE_IDENTIFIER = com.demolayout.CommunicatingIntoWebPage;
				PRODUCT_NAME = "$(TARGET_NAME)";
				SWIFT_VERSION = 5.0;
				TARGETED_DEVICE_FAMILY = "1,2";
			};
			name = Release;
		};
/* End XCBuildConfiguration section */

/* Begin XCConfigurationList section */
		476F1FB524263306005AEB0D /* Build configuration list for PBXProject "CommunicatingIntoWebPage" */ = {
			isa = XCConfigurationList;
			buildConfigurations = (
				476F1FCC24263308005AEB0D /* Debug */,
				476F1FCD24263308005AEB0D /* Release */,
			);
			defaultConfigurationIsVisible = 0;
			defaultConfigurationName = Release;
		};
		476F1FCE24263308005AEB0D /* Build configuration list for PBXNativeTarget "CommunicatingIntoWebPage" */ = {
			isa = XCConfigurationList;
			buildConfigurations = (
				476F1FCF24263308005AEB0D /* Debug */,
				476F1FD024263308005AEB0D /* Release */,
			);
			defaultConfigurationIsVisible = 0;
			defaultConfigurationName = Release;
		};
/* End XCConfigurationList section */
	};
	rootObject = 476F1FB224263306005AEB0D /* Project object */;
}
