// !$*UTF8*$!
{
	archiveVersion = 1;
	classes = {
	};
	objectVersion = 50;
	objects = {

/* Begin PBXBuildFile section */
		9F2870F22398069F00008758 /* AppDelegate.swift in Sources */ = {isa = PBXBuildFile; fileRef = 9F2870F12398069F00008758 /* AppDelegate.swift */; };
		9F2870F42398069F00008758 /* SceneDelegate.swift in Sources */ = {isa = PBXBuildFile; fileRef = 9F2870F32398069F00008758 /* SceneDelegate.swift */; };
		9F2870F62398069F00008758 /* ContentView.swift in Sources */ = {isa = PBXBuildFile; fileRef = 9F2870F52398069F00008758 /* ContentView.swift */; };
		9F2870F8239806A200008758 /* Assets.xcassets in Resources */ = {isa = PBXBuildFile; fileRef = 9F2870F7239806A200008758 /* Assets.xcassets */; };
		9F2870FB239806A200008758 /* Preview Assets.xcassets in Resources */ = {isa = PBXBuildFile; fileRef = 9F2870FA239806A200008758 /* Preview Assets.xcassets */; };
		9F2870FE239806A200008758 /* LaunchScreen.storyboard in Resources */ = {isa = PBXBuildFile; fileRef = 9F2870FC239806A200008758 /* LaunchScreen.storyboard */; };
		9F287108239D4D0B00008758 /* SleepCalculator.mlmodel in Sources */ = {isa = PBXBuildFile; fileRef = 9F287107239D4D0B00008758 /* SleepCalculator.mlmodel */; };
/* End PBXBuildFile section */

/* Begin PBXFileReference section */
		9F2870EE2398069F00008758 /* Project04 BetterRest.app */ = {isa = PBXFileReference; explicitFileType = wrapper.application; includeInIndex = 0; path = "Project04 BetterRest.app"; sourceTree = BUILT_PRODUCTS_DIR; };
		9F2870F12398069F00008758 /* AppDelegate.swift */ = {isa = PBXFileReference; lastKnownFileType = sourcecode.swift; path = AppDelegate.swift; sourceTree = "<group>"; };
		9F2870F32398069F00008758 /* SceneDelegate.swift */ = {isa = PBXFileReference; lastKnownFileType = sourcecode.swift; path = SceneDelegate.swift; sourceTree = "<group>"; };
		9F2870F52398069F00008758 /* ContentView.swift */ = {isa = PBXFileReference; lastKnownFileType = sourcecode.swift; path = ContentView.swift; sourceTree = "<group>"; };
		9F2870F7239806A200008758 /* Assets.xcassets */ = {isa = PBXFileReference; lastKnownFileType = folder.assetcatalog; path = Assets.xcassets; sourceTree = "<group>"; };
		9F2870FA239806A200008758 /* Preview Assets.xcassets */ = {isa = PBXFileReference; lastKnownFileType = folder.assetcatalog; path = "Preview Assets.xcassets"; sourceTree = "<group>"; };
		9F2870FD239806A200008758 /* Base */ = {isa = PBXFileReference; lastKnownFileType = file.storyboard; name = Base; path = Base.lproj/LaunchScreen.storyboard; sourceTree = "<group>"; };
		9F2870FF239806A200008758 /* Info.plist */ = {isa = PBXFileReference; lastKnownFileType = text.plist.xml; path = Info.plist; sourceTree = "<group>"; };
		9F287107239D4D0B00008758 /* SleepCalculator.mlmodel */ = {isa = PBXFileReference; lastKnownFileType = file.mlmodel; path = SleepCalculator.mlmodel; sourceTree = "<group>"; };
/* End PBXFileReference section */

/* Begin PBXFrameworksBuildPhase section */
		9F2870EB2398069F00008758 /* Frameworks */ = {
			isa = PBXFrameworksBuildPhase;
			buildActionMask = 2147483647;
			files = (
			);
			runOnlyForDeploymentPostprocessing = 0;
		};
/* End PBXFrameworksBuildPhase section */

/* Begin PBXGroup section */
		9F2870E52398069F00008758 = {
			isa = PBXGroup;
			children = (
				9F2870F02398069F00008758 /* Project04 BetterRest */,
				9F2870EF2398069F00008758 /* Products */,
			);
			sourceTree = "<group>";
		};
		9F2870EF2398069F00008758 /* Products */ = {
			isa = PBXGroup;
			children = (
				9F2870EE2398069F00008758 /* Project04 BetterRest.app */,
			);
			name = Products;
			sourceTree = "<group>";
		};
		9F2870F02398069F00008758 /* Project04 BetterRest */ = {
			isa = PBXGroup;
			children = (
				9F2870F12398069F00008758 /* AppDelegate.swift */,
				9F2870F32398069F00008758 /* SceneDelegate.swift */,
				9F2870F52398069F00008758 /* ContentView.swift */,
				9F2870F7239806A200008758 /* Assets.xcassets */,
				9F2870FC239806A200008758 /* LaunchScreen.storyboard */,
				9F287107239D4D0B00008758 /* SleepCalculator.mlmodel */,
				9F2870FF239806A200008758 /* Info.plist */,
				9F2870F9239806A200008758 /* Preview Content */,
			);
			path = "Project04 BetterRest";
			sourceTree = "<group>";
		};
		9F2870F9239806A200008758 /* Preview Content */ = {
			isa = PBXGroup;
			children = (
				9F2870FA239806A200008758 /* Preview Assets.xcassets */,
			);
			path = "Preview Content";
			sourceTree = "<group>";
		};
/* End PBXGroup section */

/* Begin PBXNativeTarget section */
		9F2870ED2398069F00008758 /* Project04 BetterRest */ = {
			isa = PBXNativeTarget;
			buildConfigurationList = 9F287102239806A200008758 /* Build configuration list for PBXNativeTarget "Project04 BetterRest" */;
			buildPhases = (
				9F2870EA2398069F00008758 /* Sources */,
				9F2870EB2398069F00008758 /* Frameworks */,
				9F2870EC2398069F00008758 /* Resources */,
			);
			buildRules = (
			);
			dependencies = (
			);
			name = "Project04 BetterRest";
			productName = "Project04 BetterRest";
			productReference = 9F2870EE2398069F00008758 /* Project04 BetterRest.app */;
			productType = "com.apple.product-type.application";
		};
/* End PBXNativeTarget section */

/* Begin PBXProject section */
		9F2870E62398069F00008758 /* Project object */ = {
			isa = PBXProject;
			attributes = {
				LastSwiftUpdateCheck = 1100;
				LastUpgradeCheck = 1100;
				ORGANIZATIONNAME = oscar;
				TargetAttributes = {
					9F2870ED2398069F00008758 = {
						CreatedOnToolsVersion = 11.0;
					};
				};
			};
			buildConfigurationList = 9F2870E92398069F00008758 /* Build configuration list for PBXProject "Project04 BetterRest" */;
			compatibilityVersion = "Xcode 9.3";
			developmentRegion = en;
			hasScannedForEncodings = 0;
			knownRegions = (
				en,
				Base,
			);
			mainGroup = 9F2870E52398069F00008758;
			productRefGroup = 9F2870EF2398069F00008758 /* Products */;
			projectDirPath = "";
			projectRoot = "";
			targets = (
				9F2870ED2398069F00008758 /* Project04 BetterRest */,
			);
		};
/* End PBXProject section */

/* Begin PBXResourcesBuildPhase section */
		9F2870EC2398069F00008758 /* Resources */ = {
			isa = PBXResourcesBuildPhase;
			buildActionMask = 2147483647;
			files = (
				9F2870FE239806A200008758 /* LaunchScreen.storyboard in Resources */,
				9F2870FB239806A200008758 /* Preview Assets.xcassets in Resources */,
				9F2870F8239806A200008758 /* Assets.xcassets in Resources */,
			);
			runOnlyForDeploymentPostprocessing = 0;
		};
/* End PBXResourcesBuildPhase section */

/* Begin PBXSourcesBuildPhase section */
		9F2870EA2398069F00008758 /* Sources */ = {
			isa = PBXSourcesBuildPhase;
			buildActionMask = 2147483647;
			files = (
				9F2870F22398069F00008758 /* AppDelegate.swift in Sources */,
				9F2870F42398069F00008758 /* SceneDelegate.swift in Sources */,
				9F287108239D4D0B00008758 /* SleepCalculator.mlmodel in Sources */,
				9F2870F62398069F00008758 /* ContentView.swift in Sources */,
			);
			runOnlyForDeploymentPostprocessing = 0;
		};
/* End PBXSourcesBuildPhase section */

/* Begin PBXVariantGroup section */
		9F2870FC239806A200008758 /* LaunchScreen.storyboard */ = {
			isa = PBXVariantGroup;
			children = (
				9F2870FD239806A200008758 /* Base */,
			);
			name = LaunchScreen.storyboard;
			sourceTree = "<group>";
		};
/* End PBXVariantGroup section */

/* Begin XCBuildConfiguration section */
		9F287100239806A200008758 /* Debug */ = {
			isa = XCBuildConfiguration;
			buildSettings = {
				ALWAYS_SEARCH_USER_PATHS = NO;
				CLANG_ANALYZER_NONNULL = YES;
				CLANG_ANALYZER_NUMBER_OBJECT_CONVERSION = YES_AGGRESSIVE;
				CLANG_CXX_LANGUAGE_STANDARD = "gnu++14";
				CLANG_CXX_LIBRARY = "libc++";
				CLANG_ENABLE_MODULES = YES;
				CLANG_ENABLE_OBJC_ARC = YES;
				CLANG_ENABLE_OBJC_WEAK = YES;
				CLANG_WARN_BLOCK_CAPTURE_AUTORELEASING = YES;
				CLANG_WARN_BOOL_CONVERSION = YES;
				CLANG_WARN_COMMA = YES;
				CLANG_WARN_CONSTANT_CONVERSION = YES;
				CLANG_WARN_DEPRECATED_OBJC_IMPLEMENTATIONS = YES;
				CLANG_WARN_DIRECT_OBJC_ISA_USAGE = YES_ERROR;
				CLANG_WARN_DOCUMENTATION_COMMENTS = YES;
				CLANG_WARN_EMPTY_BODY = YES;
				CLANG_WARN_ENUM_CONVERSION = YES;
				CLANG_WARN_INFINITE_RECURSION = YES;
				CLANG_WARN_INT_CONVERSION = YES;
				CLANG_WARN_NON_LITERAL_NULL_CONVERSION = YES;
				CLANG_WARN_OBJC_IMPLICIT_RETAIN_SELF = YES;
				CLANG_WARN_OBJC_LITERAL_CONVERSION = YES;
				CLANG_WARN_OBJC_ROOT_CLASS = YES_ERROR;
				CLANG_WARN_RANGE_LOOP_ANALYSIS = YES;
				CLANG_WARN_STRICT_PROTOTYPES = YES;
				CLANG_WARN_SUSPICIOUS_MOVE = YES;
				CLANG_WARN_UNGUARDED_AVAILABILITY = YES_AGGRESSIVE;
				CLANG_WARN_UNREACHABLE_CODE = YES;
				CLANG_WARN__DUPLICATE_METHOD_MATCH = YES;
				COPY_PHASE_STRIP = NO;
				DEBUG_INFORMATION_FORMAT = dwarf;
				ENABLE_STRICT_OBJC_MSGSEND = YES;
				ENABLE_TESTABILITY = YES;
				GCC_C_LANGUAGE_STANDARD = gnu11;
				GCC_DYNAMIC_NO_PIC = NO;
				GCC_NO_COMMON_BLOCKS = YES;
				GCC_OPTIMIZATION_LEVEL = 0;
				GCC_PREPROCESSOR_DEFINITIONS = (
					"DEBUG=1",
					"$(inherited)",
				);
				GCC_WARN_64_TO_32_BIT_CONVERSION = YES;
				GCC_WARN_ABOUT_RETURN_TYPE = YES_ERROR;
				GCC_WARN_UNDECLARED_SELECTOR = YES;
				GCC_WARN_UNINITIALIZED_AUTOS = YES_AGGRESSIVE;
				GCC_WARN_UNUSED_FUNCTION = YES;
				GCC_WARN_UNUSED_VARIABLE = YES;
				IPHONEOS_DEPLOYMENT_TARGET = 13.0;
				MTL_ENABLE_DEBUG_INFO = INCLUDE_SOURCE;
				MTL_FAST_MATH = YES;
				ONLY_ACTIVE_ARCH = YES;
				SDKROOT = iphoneos;
				SWIFT_ACTIVE_COMPILATION_CONDITIONS = DEBUG;
				SWIFT_OPTIMIZATION_LEVEL = "-Onone";
			};
			name = Debug;
		};
		9F287101239806A200008758 /* Release */ = {
			isa = XCBuildConfiguration;
			buildSettings = {
				ALWAYS_SEARCH_USER_PATHS = NO;
				CLANG_ANALYZER_NONNULL = YES;
				CLANG_ANALYZER_NUMBER_OBJECT_CONVERSION = YES_AGGRESSIVE;
				CLANG_CXX_LANGUAGE_STANDARD = "gnu++14";
				CLANG_CXX_LIBRARY = "libc++";
				CLANG_ENABLE_MODULES = YES;
				CLANG_ENABLE_OBJC_ARC = YES;
				CLANG_ENABLE_OBJC_WEAK = YES;
				CLANG_WARN_BLOCK_CAPTURE_AUTORELEASING = YES;
				CLANG_WARN_BOOL_CONVERSION = YES;
				CLANG_WARN_COMMA = YES;
				CLANG_WARN_CONSTANT_CONVERSION = YES;
				CLANG_WARN_DEPRECATED_OBJC_IMPLEMENTATIONS = YES;
				CLANG_WARN_DIRECT_OBJC_ISA_USAGE = YES_ERROR;
				CLANG_WARN_DOCUMENTATION_COMMENTS = YES;
				CLANG_WARN_EMPTY_BODY = YES;
				CLANG_WARN_ENUM_CONVERSION = YES;
				CLANG_WARN_INFINITE_RECURSION = YES;
				CLANG_WARN_INT_CONVERSION = YES;
				CLANG_WARN_NON_LITERAL_NULL_CONVERSION = YES;
				CLANG_WARN_OBJC_IMPLICIT_RETAIN_SELF = YES;
				CLANG_WARN_OBJC_LITERAL_CONVERSION = YES;
				CLANG_WARN_OBJC_ROOT_CLASS = YES_ERROR;
				CLANG_WARN_RANGE_LOOP_ANALYSIS = YES;
				CLANG_WARN_STRICT_PROTOTYPES = YES;
				CLANG_WARN_SUSPICIOUS_MOVE = YES;
				CLANG_WARN_UNGUARDED_AVAILABILITY = YES_AGGRESSIVE;
				CLANG_WARN_UNREACHABLE_CODE = YES;
				CLANG_WARN__DUPLICATE_METHOD_MATCH = YES;
				COPY_PHASE_STRIP = NO;
				DEBUG_INFORMATION_FORMAT = "dwarf-with-dsym";
				ENABLE_NS_ASSERTIONS = NO;
				ENABLE_STRICT_OBJC_MSGSEND = YES;
				GCC_C_LANGUAGE_STANDARD = gnu11;
				GCC_NO_COMMON_BLOCKS = YES;
				GCC_WARN_64_TO_32_BIT_CONVERSION = YES;
				GCC_WARN_ABOUT_RETURN_TYPE = YES_ERROR;
				GCC_WARN_UNDECLARED_SELECTOR = YES;
				GCC_WARN_UNINITIALIZED_AUTOS = YES_AGGRESSIVE;
				GCC_WARN_UNUSED_FUNCTION = YES;
				GCC_WARN_UNUSED_VARIABLE = YES;
				IPHONEOS_DEPLOYMENT_TARGET = 13.0;
				MTL_ENABLE_DEBUG_INFO = NO;
				MTL_FAST_MATH = YES;
				SDKROOT = iphoneos;
				SWIFT_COMPILATION_MODE = wholemodule;
				SWIFT_OPTIMIZATION_LEVEL = "-O";
				VALIDATE_PRODUCT = YES;
			};
			name = Release;
		};
		9F287103239806A200008758 /* Debug */ = {
			isa = XCBuildConfiguration;
			buildSettings = {
				ASSETCATALOG_COMPILER_APPICON_NAME = AppIcon;
				CODE_SIGN_STYLE = Automatic;
				DEVELOPMENT_ASSET_PATHS = "\"Project04 BetterRest/Preview Content\"";
				DEVELOPMENT_TEAM = Z992SAK5R2;
				ENABLE_PREVIEWS = YES;
				INFOPLIST_FILE = "Project04 BetterRest/Info.plist";
				LD_RUNPATH_SEARCH_PATHS = (
					"$(inherited)",
					"@executable_path/Frameworks",
				);
				PRODUCT_BUNDLE_IDENTIFIER = "oscar.devtip.Project04-BetterRest";
				PRODUCT_NAME = "$(TARGET_NAME)";
				SWIFT_VERSION = 5.0;
				TARGETED_DEVICE_FAMILY = "1,2";
			};
			name = Debug;
		};
		9F287104239806A200008758 /* Release */ = {
			isa = XCBuildConfiguration;
			buildSettings = {
				ASSETCATALOG_COMPILER_APPICON_NAME = AppIcon;
				CODE_SIGN_STYLE = Automatic;
				DEVELOPMENT_ASSET_PATHS = "\"Project04 BetterRest/Preview Content\"";
				DEVELOPMENT_TEAM = Z992SAK5R2;
				ENABLE_PREVIEWS = YES;
				INFOPLIST_FILE = "Project04 BetterRest/Info.plist";
				LD_RUNPATH_SEARCH_PATHS = (
					"$(inherited)",
					"@executable_path/Frameworks",
				);
				PRODUCT_BUNDLE_IDENTIFIER = "oscar.devtip.Project04-BetterRest";
				PRODUCT_NAME = "$(TARGET_NAME)";
				SWIFT_VERSION = 5.0;
				TARGETED_DEVICE_FAMILY = "1,2";
			};
			name = Release;
		};
/* End XCBuildConfiguration section */

/* Begin XCConfigurationList section */
		9F2870E92398069F00008758 /* Build configuration list for PBXProject "Project04 BetterRest" */ = {
			isa = XCConfigurationList;
			buildConfigurations = (
				9F287100239806A200008758 /* Debug */,
				9F287101239806A200008758 /* Release */,
			);
			defaultConfigurationIsVisible = 0;
			defaultConfigurationName = Release;
		};
		9F287102239806A200008758 /* Build configuration list for PBXNativeTarget "Project04 BetterRest" */ = {
			isa = XCConfigurationList;
			buildConfigurations = (
				9F287103239806A200008758 /* Debug */,
				9F287104239806A200008758 /* Release */,
			);
			defaultConfigurationIsVisible = 0;
			defaultConfigurationName = Release;
		};
/* End XCConfigurationList section */
	};
	rootObject = 9F2870E62398069F00008758 /* Project object */;
}
