// !$*UTF8*$!
{
	archiveVersion = 1;
	classes = {
	};
	objectVersion = 50;
	objects = {

/* Begin PBXBuildFile section */
		476F1FE224264B54005AEB0D /* AppDelegate.swift in Sources */ = {isa = PBXBuildFile; fileRef = 476F1FE124264B54005AEB0D /* AppDelegate.swift */; };
		476F1FE624264B54005AEB0D /* ViewController.swift in Sources */ = {isa = PBXBuildFile; fileRef = 476F1FE524264B54005AEB0D /* ViewController.swift */; };
		476F1FE924264B54005AEB0D /* Main.storyboard in Resources */ = {isa = PBXBuildFile; fileRef = 476F1FE724264B54005AEB0D /* Main.storyboard */; };
		476F1FEB24264B56005AEB0D /* Assets.xcassets in Resources */ = {isa = PBXBuildFile; fileRef = 476F1FEA24264B56005AEB0D /* Assets.xcassets */; };
		476F1FEE24264B56005AEB0D /* LaunchScreen.storyboard in Resources */ = {isa = PBXBuildFile; fileRef = 476F1FEC24264B56005AEB0D /* LaunchScreen.storyboard */; };
		476F1FF624264D27005AEB0D /* WebView.swift in Sources */ = {isa = PBXBuildFile; fileRef = 476F1FF524264D27005AEB0D /* WebView.swift */; };
/* End PBXBuildFile section */

/* Begin PBXFileReference section */
		476F1FDE24264B54005AEB0D /* WebViewPostMessage.app */ = {isa = PBXFileReference; explicitFileType = wrapper.application; includeInIndex = 0; path = WebViewPostMessage.app; sourceTree = BUILT_PRODUCTS_DIR; };
		476F1FE124264B54005AEB0D /* AppDelegate.swift */ = {isa = PBXFileReference; lastKnownFileType = sourcecode.swift; path = AppDelegate.swift; sourceTree = "<group>"; };
		476F1FE524264B54005AEB0D /* ViewController.swift */ = {isa = PBXFileReference; lastKnownFileType = sourcecode.swift; path = ViewController.swift; sourceTree = "<group>"; };
		476F1FE824264B54005AEB0D /* Base */ = {isa = PBXFileReference; lastKnownFileType = file.storyboard; name = Base; path = Base.lproj/Main.storyboard; sourceTree = "<group>"; };
		476F1FEA24264B56005AEB0D /* Assets.xcassets */ = {isa = PBXFileReference; lastKnownFileType = folder.assetcatalog; path = Assets.xcassets; sourceTree = "<group>"; };
		476F1FED24264B56005AEB0D /* Base */ = {isa = PBXFileReference; lastKnownFileType = file.storyboard; name = Base; path = Base.lproj/LaunchScreen.storyboard; sourceTree = "<group>"; };
		476F1FEF24264B56005AEB0D /* Info.plist */ = {isa = PBXFileReference; lastKnownFileType = text.plist.xml; path = Info.plist; sourceTree = "<group>"; };
		476F1FF524264D27005AEB0D /* WebView.swift */ = {isa = PBXFileReference; lastKnownFileType = sourcecode.swift; path = WebView.swift; sourceTree = "<group>"; };
/* End PBXFileReference section */

/* Begin PBXFrameworksBuildPhase section */
		476F1FDB24264B54005AEB0D /* Frameworks */ = {
			isa = PBXFrameworksBuildPhase;
			buildActionMask = 2147483647;
			files = (
			);
			runOnlyForDeploymentPostprocessing = 0;
		};
/* End PBXFrameworksBuildPhase section */

/* Begin PBXGroup section */
		476F1FD524264B54005AEB0D = {
			isa = PBXGroup;
			children = (
				476F1FE024264B54005AEB0D /* WebViewPostMessage */,
				476F1FDF24264B54005AEB0D /* Products */,
			);
			sourceTree = "<group>";
		};
		476F1FDF24264B54005AEB0D /* Products */ = {
			isa = PBXGroup;
			children = (
				476F1FDE24264B54005AEB0D /* WebViewPostMessage.app */,
			);
			name = Products;
			sourceTree = "<group>";
		};
		476F1FE024264B54005AEB0D /* WebViewPostMessage */ = {
			isa = PBXGroup;
			children = (
				476F1FE124264B54005AEB0D /* AppDelegate.swift */,
				476F1FE524264B54005AEB0D /* ViewController.swift */,
				476F1FF524264D27005AEB0D /* WebView.swift */,
				476F1FE724264B54005AEB0D /* Main.storyboard */,
				476F1FEA24264B56005AEB0D /* Assets.xcassets */,
				476F1FEC24264B56005AEB0D /* LaunchScreen.storyboard */,
				476F1FEF24264B56005AEB0D /* Info.plist */,
			);
			path = WebViewPostMessage;
			sourceTree = "<group>";
		};
/* End PBXGroup section */

/* Begin PBXNativeTarget section */
		476F1FDD24264B54005AEB0D /* WebViewPostMessage */ = {
			isa = PBXNativeTarget;
			buildConfigurationList = 476F1FF224264B56005AEB0D /* Build configuration list for PBXNativeTarget "WebViewPostMessage" */;
			buildPhases = (
				476F1FDA24264B54005AEB0D /* Sources */,
				476F1FDB24264B54005AEB0D /* Frameworks */,
				476F1FDC24264B54005AEB0D /* Resources */,
			);
			buildRules = (
			);
			dependencies = (
			);
			name = WebViewPostMessage;
			productName = WebViewPostMessage;
			productReference = 476F1FDE24264B54005AEB0D /* WebViewPostMessage.app */;
			productType = "com.apple.product-type.application";
		};
/* End PBXNativeTarget section */

/* Begin PBXProject section */
		476F1FD624264B54005AEB0D /* Project object */ = {
			isa = PBXProject;
			attributes = {
				LastSwiftUpdateCheck = 1130;
				LastUpgradeCheck = 1130;
				ORGANIZATIONNAME = vivo;
				TargetAttributes = {
					476F1FDD24264B54005AEB0D = {
						CreatedOnToolsVersion = 11.3.1;
					};
				};
			};
			buildConfigurationList = 476F1FD924264B54005AEB0D /* Build configuration list for PBXProject "WebViewPostMessage" */;
			compatibilityVersion = "Xcode 9.3";
			developmentRegion = en;
			hasScannedForEncodings = 0;
			knownRegions = (
				en,
				Base,
			);
			mainGroup = 476F1FD524264B54005AEB0D;
			productRefGroup = 476F1FDF24264B54005AEB0D /* Products */;
			projectDirPath = "";
			projectRoot = "";
			targets = (
				476F1FDD24264B54005AEB0D /* WebViewPostMessage */,
			);
		};
/* End PBXProject section */

/* Begin PBXResourcesBuildPhase section */
		476F1FDC24264B54005AEB0D /* Resources */ = {
			isa = PBXResourcesBuildPhase;
			buildActionMask = 2147483647;
			files = (
				476F1FEE24264B56005AEB0D /* LaunchScreen.storyboard in Resources */,
				476F1FEB24264B56005AEB0D /* Assets.xcassets in Resources */,
				476F1FE924264B54005AEB0D /* Main.storyboard in Resources */,
			);
			runOnlyForDeploymentPostprocessing = 0;
		};
/* End PBXResourcesBuildPhase section */

/* Begin PBXSourcesBuildPhase section */
		476F1FDA24264B54005AEB0D /* Sources */ = {
			isa = PBXSourcesBuildPhase;
			buildActionMask = 2147483647;
			files = (
				476F1FE624264B54005AEB0D /* ViewController.swift in Sources */,
				476F1FF624264D27005AEB0D /* WebView.swift in Sources */,
				476F1FE224264B54005AEB0D /* AppDelegate.swift in Sources */,
			);
			runOnlyForDeploymentPostprocessing = 0;
		};
/* End PBXSourcesBuildPhase section */

/* Begin PBXVariantGroup section */
		476F1FE724264B54005AEB0D /* Main.storyboard */ = {
			isa = PBXVariantGroup;
			children = (
				476F1FE824264B54005AEB0D /* Base */,
			);
			name = Main.storyboard;
			sourceTree = "<group>";
		};
		476F1FEC24264B56005AEB0D /* LaunchScreen.storyboard */ = {
			isa = PBXVariantGroup;
			children = (
				476F1FED24264B56005AEB0D /* Base */,
			);
			name = LaunchScreen.storyboard;
			sourceTree = "<group>";
		};
/* End PBXVariantGroup section */

/* Begin XCBuildConfiguration section */
		476F1FF024264B56005AEB0D /* Debug */ = {
			isa = XCBuildConfiguration;
			buildSettings = {
				ALWAYS_SEARCH_USER_PATHS = NO;
				CLANG_ANALYZER_NONNULL = YES;
				CLANG_ANALYZER_NUMBER_OBJECT_CONVERSION = YES_AGGRESSIVE;
				CLANG_CXX_LANGUAGE_STANDARD = "gnu++14";
				CLANG_CXX_LIBRARY = "libc++";
				CLANG_ENABLE_MODULES = YES;
				CLANG_ENABLE_OBJC_ARC = YES;
				CLANG_ENABLE_OBJC_WEAK = YES;
				CLANG_WARN_BLOCK_CAPTURE_AUTORELEASING = YES;
				CLANG_WARN_BOOL_CONVERSION = YES;
				CLANG_WARN_COMMA = YES;
				CLANG_WARN_CONSTANT_CONVERSION = YES;
				CLANG_WARN_DEPRECATED_OBJC_IMPLEMENTATIONS = YES;
				CLANG_WARN_DIRECT_OBJC_ISA_USAGE = YES_ERROR;
				CLANG_WARN_DOCUMENTATION_COMMENTS = YES;
				CLANG_WARN_EMPTY_BODY = YES;
				CLANG_WARN_ENUM_CONVERSION = YES;
				CLANG_WARN_INFINITE_RECURSION = YES;
				CLANG_WARN_INT_CONVERSION = YES;
				CLANG_WARN_NON_LITERAL_NULL_CONVERSION = YES;
				CLANG_WARN_OBJC_IMPLICIT_RETAIN_SELF = YES;
				CLANG_WARN_OBJC_LITERAL_CONVERSION = YES;
				CLANG_WARN_OBJC_ROOT_CLASS = YES_ERROR;
				CLANG_WARN_RANGE_LOOP_ANALYSIS = YES;
				CLANG_WARN_STRICT_PROTOTYPES = YES;
				CLANG_WARN_SUSPICIOUS_MOVE = YES;
				CLANG_WARN_UNGUARDED_AVAILABILITY = YES_AGGRESSIVE;
				CLANG_WARN_UNREACHABLE_CODE = YES;
				CLANG_WARN__DUPLICATE_METHOD_MATCH = YES;
				COPY_PHASE_STRIP = NO;
				DEBUG_INFORMATION_FORMAT = dwarf;
				ENABLE_STRICT_OBJC_MSGSEND = YES;
				ENABLE_TESTABILITY = YES;
				GCC_C_LANGUAGE_STANDARD = gnu11;
				GCC_DYNAMIC_NO_PIC = NO;
				GCC_NO_COMMON_BLOCKS = YES;
				GCC_OPTIMIZATION_LEVEL = 0;
				GCC_PREPROCESSOR_DEFINITIONS = (
					"DEBUG=1",
					"$(inherited)",
				);
				GCC_WARN_64_TO_32_BIT_CONVERSION = YES;
				GCC_WARN_ABOUT_RETURN_TYPE = YES_ERROR;
				GCC_WARN_UNDECLARED_SELECTOR = YES;
				GCC_WARN_UNINITIALIZED_AUTOS = YES_AGGRESSIVE;
				GCC_WARN_UNUSED_FUNCTION = YES;
				GCC_WARN_UNUSED_VARIABLE = YES;
				IPHONEOS_DEPLOYMENT_TARGET = 13.2;
				MTL_ENABLE_DEBUG_INFO = INCLUDE_SOURCE;
				MTL_FAST_MATH = YES;
				ONLY_ACTIVE_ARCH = YES;
				SDKROOT = iphoneos;
				SWIFT_ACTIVE_COMPILATION_CONDITIONS = DEBUG;
				SWIFT_OPTIMIZATION_LEVEL = "-Onone";
			};
			name = Debug;
		};
		476F1FF124264B56005AEB0D /* Release */ = {
			isa = XCBuildConfiguration;
			buildSettings = {
				ALWAYS_SEARCH_USER_PATHS = NO;
				CLANG_ANALYZER_NONNULL = YES;
				CLANG_ANALYZER_NUMBER_OBJECT_CONVERSION = YES_AGGRESSIVE;
				CLANG_CXX_LANGUAGE_STANDARD = "gnu++14";
				CLANG_CXX_LIBRARY = "libc++";
				CLANG_ENABLE_MODULES = YES;
				CLANG_ENABLE_OBJC_ARC = YES;
				CLANG_ENABLE_OBJC_WEAK = YES;
				CLANG_WARN_BLOCK_CAPTURE_AUTORELEASING = YES;
				CLANG_WARN_BOOL_CONVERSION = YES;
				CLANG_WARN_COMMA = YES;
				CLANG_WARN_CONSTANT_CONVERSION = YES;
				CLANG_WARN_DEPRECATED_OBJC_IMPLEMENTATIONS = YES;
				CLANG_WARN_DIRECT_OBJC_ISA_USAGE = YES_ERROR;
				CLANG_WARN_DOCUMENTATION_COMMENTS = YES;
				CLANG_WARN_EMPTY_BODY = YES;
				CLANG_WARN_ENUM_CONVERSION = YES;
				CLANG_WARN_INFINITE_RECURSION = YES;
				CLANG_WARN_INT_CONVERSION = YES;
				CLANG_WARN_NON_LITERAL_NULL_CONVERSION = YES;
				CLANG_WARN_OBJC_IMPLICIT_RETAIN_SELF = YES;
				CLANG_WARN_OBJC_LITERAL_CONVERSION = YES;
				CLANG_WARN_OBJC_ROOT_CLASS = YES_ERROR;
				CLANG_WARN_RANGE_LOOP_ANALYSIS = YES;
				CLANG_WARN_STRICT_PROTOTYPES = YES;
				CLANG_WARN_SUSPICIOUS_MOVE = YES;
				CLANG_WARN_UNGUARDED_AVAILABILITY = YES_AGGRESSIVE;
				CLANG_WARN_UNREACHABLE_CODE = YES;
				CLANG_WARN__DUPLICATE_METHOD_MATCH = YES;
				COPY_PHASE_STRIP = NO;
				DEBUG_INFORMATION_FORMAT = "dwarf-with-dsym";
				ENABLE_NS_ASSERTIONS = NO;
				ENABLE_STRICT_OBJC_MSGSEND = YES;
				GCC_C_LANGUAGE_STANDARD = gnu11;
				GCC_NO_COMMON_BLOCKS = YES;
				GCC_WARN_64_TO_32_BIT_CONVERSION = YES;
				GCC_WARN_ABOUT_RETURN_TYPE = YES_ERROR;
				GCC_WARN_UNDECLARED_SELECTOR = YES;
				GCC_WARN_UNINITIALIZED_AUTOS = YES_AGGRESSIVE;
				GCC_WARN_UNUSED_FUNCTION = YES;
				GCC_WARN_UNUSED_VARIABLE = YES;
				IPHONEOS_DEPLOYMENT_TARGET = 13.2;
				MTL_ENABLE_DEBUG_INFO = NO;
				MTL_FAST_MATH = YES;
				SDKROOT = iphoneos;
				SWIFT_COMPILATION_MODE = wholemodule;
				SWIFT_OPTIMIZATION_LEVEL = "-O";
				VALIDATE_PRODUCT = YES;
			};
			name = Release;
		};
		476F1FF324264B56005AEB0D /* Debug */ = {
			isa = XCBuildConfiguration;
			buildSettings = {
				ASSETCATALOG_COMPILER_APPICON_NAME = AppIcon;
				CODE_SIGN_STYLE = Automatic;
				DEVELOPMENT_TEAM = 4FVY6JTH7J;
				INFOPLIST_FILE = WebViewPostMessage/Info.plist;
				LD_RUNPATH_SEARCH_PATHS = (
					"$(inherited)",
					"@executable_path/Frameworks",
				);
				PRODUCT_BUNDLE_IDENTIFIER = com.demolayout.WebViewPostMessage;
				PRODUCT_NAME = "$(TARGET_NAME)";
				SWIFT_VERSION = 5.0;
				TARGETED_DEVICE_FAMILY = "1,2";
			};
			name = Debug;
		};
		476F1FF424264B56005AEB0D /* Release */ = {
			isa = XCBuildConfiguration;
			buildSettings = {
				ASSETCATALOG_COMPILER_APPICON_NAME = AppIcon;
				CODE_SIGN_STYLE = Automatic;
				DEVELOPMENT_TEAM = 4FVY6JTH7J;
				INFOPLIST_FILE = WebViewPostMessage/Info.plist;
				LD_RUNPATH_SEARCH_PATHS = (
					"$(inherited)",
					"@executable_path/Frameworks",
				);
				PRODUCT_BUNDLE_IDENTIFIER = com.demolayout.WebViewPostMessage;
				PRODUCT_NAME = "$(TARGET_NAME)";
				SWIFT_VERSION = 5.0;
				TARGETED_DEVICE_FAMILY = "1,2";
			};
			name = Release;
		};
/* End XCBuildConfiguration section */

/* Begin XCConfigurationList section */
		476F1FD924264B54005AEB0D /* Build configuration list for PBXProject "WebViewPostMessage" */ = {
			isa = XCConfigurationList;
			buildConfigurations = (
				476F1FF024264B56005AEB0D /* Debug */,
				476F1FF124264B56005AEB0D /* Release */,
			);
			defaultConfigurationIsVisible = 0;
			defaultConfigurationName = Release;
		};
		476F1FF224264B56005AEB0D /* Build configuration list for PBXNativeTarget "WebViewPostMessage" */ = {
			isa = XCConfigurationList;
			buildConfigurations = (
				476F1FF324264B56005AEB0D /* Debug */,
				476F1FF424264B56005AEB0D /* Release */,
			);
			defaultConfigurationIsVisible = 0;
			defaultConfigurationName = Release;
		};
/* End XCConfigurationList section */
	};
	rootObject = 476F1FD624264B54005AEB0D /* Project object */;
}
